
Microsoft Visual Studio Solution File, Format Version 11.00
# Visual Studio 2010
Project("{FAE04EC0-301F-11D3-BF4B-00C04F79EFBC}") = "Code", "Code\Code.csproj", "{E040A7FF-6332-4C0F-8A70-25D961495511}"
EndProject
Project("{FAE04EC0-301F-11D3-BF4B-00C04F79EFBC}") = "Test", "Test\Test.csproj", "{78BEDBC4-79C1-4BD6-9646-D4165E320264}"
EndProject
Project("{2150E333-8FDC-42A3-9474-1A3956D46DE8}") = "Solution Items", "Solution Items", "{AC00AE63-16B1-43FA-8BC5-CF04DEC21E0F}"
	ProjectSection(SolutionItems) = preProject
		CodeKataJuly.vsmdi = CodeKataJuly.vsmdi
		Local.testsettings = Local.testsettings
		TraceAndTestImpact.testsettings = TraceAndTestImpact.testsettings
	EndProjectSection
EndProject
Global
	GlobalSection(TestCaseManagementSettings) = postSolution
		CategoryFile = CodeKataJuly.vsmdi
	EndGlobalSection
	GlobalSection(SolutionConfigurationPlatforms) = preSolution
		Debug|Any CPU = Debug|Any CPU
		Release|Any CPU = Release|Any CPU
	EndGlobalSection
	GlobalSection(ProjectConfigurationPlatforms) = postSolution
		{E040A7FF-6332-4C0F-8A70-25D961495511}.Debug|Any CPU.ActiveCfg = Debug|Any CPU
		{E040A7FF-6332-4C0F-8A70-25D961495511}.Debug|Any CPU.Build.0 = Debug|Any CPU
		{E040A7FF-6332-4C0F-8A70-25D961495511}.Release|Any CPU.ActiveCfg = Release|Any CPU
		{E040A7FF-6332-4C0F-8A70-25D961495511}.Release|Any CPU.Build.0 = Release|Any CPU
		{78BEDBC4-79C1-4BD6-9646-D4165E320264}.Debug|Any CPU.ActiveCfg = Debug|Any CPU
		{78BEDBC4-79C1-4BD6-9646-D4165E320264}.Debug|Any CPU.Build.0 = Debug|Any CPU
		{78BEDBC4-79C1-4BD6-9646-D4165E320264}.Release|Any CPU.ActiveCfg = Release|Any CPU
		{78BEDBC4-79C1-4BD6-9646-D4165E320264}.Release|Any CPU.Build.0 = Release|Any CPU
	EndGlobalSection
	GlobalSection(SolutionProperties) = preSolution
		HideSolutionNode = FALSE
	EndGlobalSection
EndGlobal
