
Microsoft Visual Studio Solution File, Format Version 12.00
# Visual Studio 2012
Project("{FAE04EC0-301F-11D3-BF4B-00C04F79EFBC}") = "ObjectLiteralToQueryString", "ObjectLiteralToQueryString\ObjectLiteralToQueryString.csproj", "{D54331AE-77CE-41ED-94BB-1FD2A364177E}"
EndProject
Project("{FAE04EC0-301F-11D3-BF4B-00C04F79EFBC}") = "ObjectLiteralToQueryString.Unit.Test", "..\ObjectLiteralToQueryString.Unit.Test\ObjectLiteralToQueryString.Unit.Test.csproj", "{9E1B1CBF-2F87-444D-8D84-9E88ACCA7204}"
EndProject
Global
	GlobalSection(SolutionConfigurationPlatforms) = preSolution
		Debug|Any CPU = Debug|Any CPU
		Release|Any CPU = Release|Any CPU
	EndGlobalSection
	GlobalSection(ProjectConfigurationPlatforms) = postSolution
		{D54331AE-77CE-41ED-94BB-1FD2A364177E}.Debug|Any CPU.ActiveCfg = Debug|Any CPU
		{D54331AE-77CE-41ED-94BB-1FD2A364177E}.Debug|Any CPU.Build.0 = Debug|Any CPU
		{D54331AE-77CE-41ED-94BB-1FD2A364177E}.Release|Any CPU.ActiveCfg = Release|Any CPU
		{D54331AE-77CE-41ED-94BB-1FD2A364177E}.Release|Any CPU.Build.0 = Release|Any CPU
		{9E1B1CBF-2F87-444D-8D84-9E88ACCA7204}.Debug|Any CPU.ActiveCfg = Debug|Any CPU
		{9E1B1CBF-2F87-444D-8D84-9E88ACCA7204}.Debug|Any CPU.Build.0 = Debug|Any CPU
		{9E1B1CBF-2F87-444D-8D84-9E88ACCA7204}.Release|Any CPU.ActiveCfg = Release|Any CPU
		{9E1B1CBF-2F87-444D-8D84-9E88ACCA7204}.Release|Any CPU.Build.0 = Release|Any CPU
	EndGlobalSection
EndGlobal
