
Microsoft Visual Studio Solution File, Format Version 11.00
# Visual Studio 2010
Project("{FAE04EC0-301F-11D3-BF4B-00C04F79EFBC}") = "WebTemplates", "WebTemplates\WebTemplates.csproj", "{8ECBBCF7-B8E2-4344-860C-BB06F5333F76}"
EndProject
Project("{FAE04EC0-301F-11D3-BF4B-00C04F79EFBC}") = "WebTemplatesTest", "WebTemplatesTest\WebTemplatesTest.csproj", "{78123B89-EC4F-4F5E-9862-57B374C9D6D0}"
EndProject
Global
	GlobalSection(SolutionConfigurationPlatforms) = preSolution
		Debug|Any CPU = Debug|Any CPU
		Release|Any CPU = Release|Any CPU
		Default|Any CPU = Default|Any CPU
	EndGlobalSection
	GlobalSection(ProjectConfigurationPlatforms) = postSolution
		{78123B89-EC4F-4F5E-9862-57B374C9D6D0}.Debug|Any CPU.ActiveCfg = Debug|Any CPU
		{78123B89-EC4F-4F5E-9862-57B374C9D6D0}.Debug|Any CPU.Build.0 = Debug|Any CPU
		{78123B89-EC4F-4F5E-9862-57B374C9D6D0}.Default|Any CPU.ActiveCfg = Debug|Any CPU
		{78123B89-EC4F-4F5E-9862-57B374C9D6D0}.Default|Any CPU.Build.0 = Debug|Any CPU
		{78123B89-EC4F-4F5E-9862-57B374C9D6D0}.Release|Any CPU.ActiveCfg = Release|Any CPU
		{78123B89-EC4F-4F5E-9862-57B374C9D6D0}.Release|Any CPU.Build.0 = Release|Any CPU
		{8ECBBCF7-B8E2-4344-860C-BB06F5333F76}.Debug|Any CPU.ActiveCfg = Debug|Any CPU
		{8ECBBCF7-B8E2-4344-860C-BB06F5333F76}.Debug|Any CPU.Build.0 = Debug|Any CPU
		{8ECBBCF7-B8E2-4344-860C-BB06F5333F76}.Release|Any CPU.ActiveCfg = Release|Any CPU
		{8ECBBCF7-B8E2-4344-860C-BB06F5333F76}.Release|Any CPU.Build.0 = Release|Any CPU
	EndGlobalSection
	GlobalSection(MonoDevelopProperties) = preSolution
		StartupItem = WebTemplates\WebTemplates.csproj
	EndGlobalSection
EndGlobal
