
Microsoft Visual Studio Solution File, Format Version 12.00
# Visual Studio 2012
Project("{FAE04EC0-301F-11D3-BF4B-00C04F79EFBC}") = "UrlSplitter", "UrlSplitter\UrlSplitter.csproj", "{131F1BE5-A3D2-41D5-99CB-F7B21242E261}"
EndProject
Project("{FAE04EC0-301F-11D3-BF4B-00C04F79EFBC}") = "UrlSplitterTests", "UrlSplitterTests\UrlSplitterTests.csproj", "{AD15E593-CFA2-4F7D-AB32-2E87BDAC24F5}"
EndProject
Global
	GlobalSection(SolutionConfigurationPlatforms) = preSolution
		Debug|Any CPU = Debug|Any CPU
		Release|Any CPU = Release|Any CPU
	EndGlobalSection
	GlobalSection(ProjectConfigurationPlatforms) = postSolution
		{131F1BE5-A3D2-41D5-99CB-F7B21242E261}.Debug|Any CPU.ActiveCfg = Debug|Any CPU
		{131F1BE5-A3D2-41D5-99CB-F7B21242E261}.Debug|Any CPU.Build.0 = Debug|Any CPU
		{131F1BE5-A3D2-41D5-99CB-F7B21242E261}.Release|Any CPU.ActiveCfg = Release|Any CPU
		{131F1BE5-A3D2-41D5-99CB-F7B21242E261}.Release|Any CPU.Build.0 = Release|Any CPU
		{AD15E593-CFA2-4F7D-AB32-2E87BDAC24F5}.Debug|Any CPU.ActiveCfg = Debug|Any CPU
		{AD15E593-CFA2-4F7D-AB32-2E87BDAC24F5}.Debug|Any CPU.Build.0 = Debug|Any CPU
		{AD15E593-CFA2-4F7D-AB32-2E87BDAC24F5}.Release|Any CPU.ActiveCfg = Release|Any CPU
		{AD15E593-CFA2-4F7D-AB32-2E87BDAC24F5}.Release|Any CPU.Build.0 = Release|Any CPU
	EndGlobalSection
	GlobalSection(SolutionProperties) = preSolution
		HideSolutionNode = FALSE
	EndGlobalSection
EndGlobal
