
Microsoft Visual Studio Solution File, Format Version 11.00
# Visual Studio 2010
Project("{FAE04EC0-301F-11D3-BF4B-00C04F79EFBC}") = "CodeKataNovember", "CodeKataNovember\CodeKataNovember.csproj", "{B06E9383-445F-4DB6-9BEE-585D0F4287E8}"
EndProject
Project("{FAE04EC0-301F-11D3-BF4B-00C04F79EFBC}") = "CodeKataNovember_Test", "CodeKataNovember_Test\CodeKataNovember_Test.csproj", "{2ECAE5D3-5C90-48BE-88E0-FB524D4D840D}"
EndProject
Project("{2150E333-8FDC-42A3-9474-1A3956D46DE8}") = "Solution Items", "Solution Items", "{CEC9B707-B3D7-4B60-ACAC-F1FE10331343}"
	ProjectSection(SolutionItems) = preProject
		CodeKataNovember.vsmdi = CodeKataNovember.vsmdi
		Local.testsettings = Local.testsettings
		TraceAndTestImpact.testsettings = TraceAndTestImpact.testsettings
	EndProjectSection
EndProject
Global
	GlobalSection(TestCaseManagementSettings) = postSolution
		CategoryFile = CodeKataNovember.vsmdi
	EndGlobalSection
	GlobalSection(SolutionConfigurationPlatforms) = preSolution
		Debug|Any CPU = Debug|Any CPU
		Debug|Mixed Platforms = Debug|Mixed Platforms
		Debug|x86 = Debug|x86
		Release|Any CPU = Release|Any CPU
		Release|Mixed Platforms = Release|Mixed Platforms
		Release|x86 = Release|x86
	EndGlobalSection
	GlobalSection(ProjectConfigurationPlatforms) = postSolution
		{B06E9383-445F-4DB6-9BEE-585D0F4287E8}.Debug|Any CPU.ActiveCfg = Debug|x86
		{B06E9383-445F-4DB6-9BEE-585D0F4287E8}.Debug|Mixed Platforms.ActiveCfg = Debug|x86
		{B06E9383-445F-4DB6-9BEE-585D0F4287E8}.Debug|Mixed Platforms.Build.0 = Debug|x86
		{B06E9383-445F-4DB6-9BEE-585D0F4287E8}.Debug|x86.ActiveCfg = Debug|x86
		{B06E9383-445F-4DB6-9BEE-585D0F4287E8}.Debug|x86.Build.0 = Debug|x86
		{B06E9383-445F-4DB6-9BEE-585D0F4287E8}.Release|Any CPU.ActiveCfg = Release|x86
		{B06E9383-445F-4DB6-9BEE-585D0F4287E8}.Release|Mixed Platforms.ActiveCfg = Release|x86
		{B06E9383-445F-4DB6-9BEE-585D0F4287E8}.Release|Mixed Platforms.Build.0 = Release|x86
		{B06E9383-445F-4DB6-9BEE-585D0F4287E8}.Release|x86.ActiveCfg = Release|x86
		{B06E9383-445F-4DB6-9BEE-585D0F4287E8}.Release|x86.Build.0 = Release|x86
		{2ECAE5D3-5C90-48BE-88E0-FB524D4D840D}.Debug|Any CPU.ActiveCfg = Debug|Any CPU
		{2ECAE5D3-5C90-48BE-88E0-FB524D4D840D}.Debug|Any CPU.Build.0 = Debug|Any CPU
		{2ECAE5D3-5C90-48BE-88E0-FB524D4D840D}.Debug|Mixed Platforms.ActiveCfg = Debug|Any CPU
		{2ECAE5D3-5C90-48BE-88E0-FB524D4D840D}.Debug|Mixed Platforms.Build.0 = Debug|Any CPU
		{2ECAE5D3-5C90-48BE-88E0-FB524D4D840D}.Debug|x86.ActiveCfg = Debug|Any CPU
		{2ECAE5D3-5C90-48BE-88E0-FB524D4D840D}.Release|Any CPU.ActiveCfg = Release|Any CPU
		{2ECAE5D3-5C90-48BE-88E0-FB524D4D840D}.Release|Any CPU.Build.0 = Release|Any CPU
		{2ECAE5D3-5C90-48BE-88E0-FB524D4D840D}.Release|Mixed Platforms.ActiveCfg = Release|Any CPU
		{2ECAE5D3-5C90-48BE-88E0-FB524D4D840D}.Release|Mixed Platforms.Build.0 = Release|Any CPU
		{2ECAE5D3-5C90-48BE-88E0-FB524D4D840D}.Release|x86.ActiveCfg = Release|Any CPU
	EndGlobalSection
	GlobalSection(SolutionProperties) = preSolution
		HideSolutionNode = FALSE
	EndGlobalSection
EndGlobal
